proto_outdir = "./api/proto"

[[dependencies]]
  target = "github.com/envoyproxy/protoc-gen-validate"
  subgroup = ""
  revision = "2fe48adf079caf32135cb3327377a7b5488e350b"
  branch = ""
  path = ""
  ignores = ["gogoproto", "java", "tests", "vendor"]
  protocol = "https"

[[dependencies]]
  target = "github.com/GincoInc/protobuf/proto/gincoinc/global"
  subgroup = ""
  revision = "ff1278dceebb6c8a9bc5b895d0a9a9f226e9ce9e"
  branch = ""
  path = "gincoinc/global"
  protocol = "ssh"

[[dependencies]]
  target = "github.com/GincoInc/protobuf/proto/gincoinc/adamant/global"
  subgroup = ""
  revision = "ff1278dceebb6c8a9bc5b895d0a9a9f226e9ce9e"
  branch = ""
  path = "gincoinc/adamant/global"
  protocol = "ssh"

[[dependencies]]
  target = "github.com/GincoInc/protobuf/proto/gincoinc/adamant/teller"
  subgroup = ""
  revision = "ff1278dceebb6c8a9bc5b895d0a9a9f226e9ce9e"
  branch = ""
  path = "gincoinc/adamant/teller"
  protocol = "ssh"
