proto_outdir = "./api/proto"

[[dependencies]]
  target = "github.com/envoyproxy/protoc-gen-validate"
  subgroup = ""
  revision = "2fe48adf079caf32135cb3327377a7b5488e350b"
  branch = ""
  path = ""
  ignores = ["gogoproto", "java", "tests", "vendor"]
  protocol = ""

[[dependencies]]
  target = "github.com/GincoInc/protobuf/proto/gincoinc/global"
  subgroup = ""
  revision = "9a1284ca6f7beaa59f5cdc3dfe00e61d207b9633"
  branch = ""
  path = "gincoinc/global"
  protocol = ""

[[dependencies]]
  target = "github.com/GincoInc/protobuf/proto/gincoinc/adamant/global"
  subgroup = ""
  revision = "9a1284ca6f7beaa59f5cdc3dfe00e61d207b9633"
  branch = ""
  path = "gincoinc/adamant/global"
  protocol = ""

[[dependencies]]
  target = "github.com/GincoInc/protobuf/proto/gincoinc/adamant/teller"
  subgroup = ""
  revision = "9a1284ca6f7beaa59f5cdc3dfe00e61d207b9633"
  branch = ""
  path = "gincoinc/adamant/teller"
  protocol = ""
